
Microsoft Visual Studio Solution File, Format Version 12.00
# Visual Studio Version 17
VisualStudioVersion = 17.0.31903.59
MinimumVisualStudioVersion = 10.0.40219.1
Project("{2150E333-8FDC-42A3-9474-1A3956D46DE8}") = "src", "src", "{827E0CD3-B72D-47B6-A68D-7590B98EB39B}"
EndProject
Project("{FAE04EC0-301F-11D3-BF4B-00C04F79EFBC}") = "Backoffice.Domain", "src\Backoffice.Domain\Backoffice.Domain.csproj", "{CA00CE0D-8A93-40A2-9253-80D8861F6241}"
EndProject
Project("{FAE04EC0-301F-11D3-BF4B-00C04F79EFBC}") = "Backoffice.Application", "src\Backoffice.Application\Backoffice.Application.csproj", "{56145D26-1A87-4C80-BE78-45B1A222DEBB}"
EndProject
Project("{FAE04EC0-301F-11D3-BF4B-00C04F79EFBC}") = "Backoffice.Infrastructure", "src\Backoffice.Infrastructure\Backoffice.Infrastructure.csproj", "{6786BC80-3602-4154-9699-EB5A9BCE4475}"
EndProject
Project("{FAE04EC0-301F-11D3-BF4B-00C04F79EFBC}") = "Backoffice.Api", "src\Backoffice.Api\Backoffice.Api.csproj", "{F0A07BE2-4FB7-4513-9E29-389BE3F3780A}"
EndProject
Project("{FAE04EC0-301F-11D3-BF4B-00C04F79EFBC}") = "Backoffice.Workers", "src\Backoffice.Workers\Backoffice.Workers.csproj", "{047E83C0-4BAA-484C-BB32-C1959CA5691F}"
EndProject
Project("{FAE04EC0-301F-11D3-BF4B-00C04F79EFBC}") = "Backoffice.Evals", "src\Backoffice.Evals\Backoffice.Evals.csproj", "{09632FB5-BBCB-4AE8-9A29-3969BBAFA901}"
EndProject
Project("{FAE04EC0-301F-11D3-BF4B-00C04F79EFBC}") = "Backoffice.Domain.Tests", "tests\Backoffice.Domain.Tests\Backoffice.Domain.Tests.csproj", "{471232F4-4BB3-40F9-BC1E-F848FFA1ECF1}"
EndProject
Project("{FAE04EC0-301F-11D3-BF4B-00C04F79EFBC}") = "Backoffice.Application.Tests", "tests\Backoffice.Application.Tests\Backoffice.Application.Tests.csproj", "{6E20D4E3-7A3B-4BBA-8C36-F5C361584B93}"
EndProject
Project("{FAE04EC0-301F-11D3-BF4B-00C04F79EFBC}") = "Backoffice.Api.Tests", "tests\Backoffice.Api.Tests\Backoffice.Api.Tests.csproj", "{D8CCE929-109E-4EF9-8099-CA02C8D97DEC}"
EndProject
Project("{FAE04EC0-301F-11D3-BF4B-00C04F79EFBC}") = "Backoffice.Contracts.Tests", "tests\Backoffice.Contracts.Tests\Backoffice.Contracts.Tests.csproj", "{A554A0DF-7BF2-4062-8744-1374B10073AB}"
EndProject
Global
	GlobalSection(SolutionConfigurationPlatforms) = preSolution
		Debug|Any CPU = Debug|Any CPU
		Debug|x64 = Debug|x64
		Debug|x86 = Debug|x86
		Release|Any CPU = Release|Any CPU
		Release|x64 = Release|x64
		Release|x86 = Release|x86
	EndGlobalSection
	GlobalSection(ProjectConfigurationPlatforms) = postSolution
		{CA00CE0D-8A93-40A2-9253-80D8861F6241}.Debug|Any CPU.ActiveCfg = Debug|Any CPU
		{CA00CE0D-8A93-40A2-9253-80D8861F6241}.Debug|Any CPU.Build.0 = Debug|Any CPU
		{CA00CE0D-8A93-40A2-9253-80D8861F6241}.Debug|x64.ActiveCfg = Debug|Any CPU
		{CA00CE0D-8A93-40A2-9253-80D8861F6241}.Debug|x64.Build.0 = Debug|Any CPU
		{CA00CE0D-8A93-40A2-9253-80D8861F6241}.Debug|x86.ActiveCfg = Debug|Any CPU
		{CA00CE0D-8A93-40A2-9253-80D8861F6241}.Debug|x86.Build.0 = Debug|Any CPU
		{CA00CE0D-8A93-40A2-9253-80D8861F6241}.Release|Any CPU.ActiveCfg = Release|Any CPU
		{CA00CE0D-8A93-40A2-9253-80D8861F6241}.Release|Any CPU.Build.0 = Release|Any CPU
		{CA00CE0D-8A93-40A2-9253-80D8861F6241}.Release|x64.ActiveCfg = Release|Any CPU
		{CA00CE0D-8A93-40A2-9253-80D8861F6241}.Release|x64.Build.0 = Release|Any CPU
		{CA00CE0D-8A93-40A2-9253-80D8861F6241}.Release|x86.ActiveCfg = Release|Any CPU
		{CA00CE0D-8A93-40A2-9253-80D8861F6241}.Release|x86.Build.0 = Release|Any CPU
		{56145D26-1A87-4C80-BE78-45B1A222DEBB}.Debug|Any CPU.ActiveCfg = Debug|Any CPU
		{56145D26-1A87-4C80-BE78-45B1A222DEBB}.Debug|Any CPU.Build.0 = Debug|Any CPU
		{56145D26-1A87-4C80-BE78-45B1A222DEBB}.Debug|x64.ActiveCfg = Debug|Any CPU
		{56145D26-1A87-4C80-BE78-45B1A222DEBB}.Debug|x64.Build.0 = Debug|Any CPU
		{56145D26-1A87-4C80-BE78-45B1A222DEBB}.Debug|x86.ActiveCfg = Debug|Any CPU
		{56145D26-1A87-4C80-BE78-45B1A222DEBB}.Debug|x86.Build.0 = Debug|Any CPU
		{56145D26-1A87-4C80-BE78-45B1A222DEBB}.Release|Any CPU.ActiveCfg = Release|Any CPU
		{56145D26-1A87-4C80-BE78-45B1A222DEBB}.Release|Any CPU.Build.0 = Release|Any CPU
		{56145D26-1A87-4C80-BE78-45B1A222DEBB}.Release|x64.ActiveCfg = Release|Any CPU
		{56145D26-1A87-4C80-BE78-45B1A222DEBB}.Release|x64.Build.0 = Release|Any CPU
		{56145D26-1A87-4C80-BE78-45B1A222DEBB}.Release|x86.ActiveCfg = Release|Any CPU
		{56145D26-1A87-4C80-BE78-45B1A222DEBB}.Release|x86.Build.0 = Release|Any CPU
		{6786BC80-3602-4154-9699-EB5A9BCE4475}.Debug|Any CPU.ActiveCfg = Debug|Any CPU
		{6786BC80-3602-4154-9699-EB5A9BCE4475}.Debug|Any CPU.Build.0 = Debug|Any CPU
		{6786BC80-3602-4154-9699-EB5A9BCE4475}.Debug|x64.ActiveCfg = Debug|Any CPU
		{6786BC80-3602-4154-9699-EB5A9BCE4475}.Debug|x64.Build.0 = Debug|Any CPU
		{6786BC80-3602-4154-9699-EB5A9BCE4475}.Debug|x86.ActiveCfg = Debug|Any CPU
		{6786BC80-3602-4154-9699-EB5A9BCE4475}.Debug|x86.Build.0 = Debug|Any CPU
		{6786BC80-3602-4154-9699-EB5A9BCE4475}.Release|Any CPU.ActiveCfg = Release|Any CPU
		{6786BC80-3602-4154-9699-EB5A9BCE4475}.Release|Any CPU.Build.0 = Release|Any CPU
		{6786BC80-3602-4154-9699-EB5A9BCE4475}.Release|x64.ActiveCfg = Release|Any CPU
		{6786BC80-3602-4154-9699-EB5A9BCE4475}.Release|x64.Build.0 = Release|Any CPU
		{6786BC80-3602-4154-9699-EB5A9BCE4475}.Release|x86.ActiveCfg = Release|Any CPU
		{6786BC80-3602-4154-9699-EB5A9BCE4475}.Release|x86.Build.0 = Release|Any CPU
		{F0A07BE2-4FB7-4513-9E29-389BE3F3780A}.Debug|Any CPU.ActiveCfg = Debug|Any CPU
		{F0A07BE2-4FB7-4513-9E29-389BE3F3780A}.Debug|Any CPU.Build.0 = Debug|Any CPU
		{F0A07BE2-4FB7-4513-9E29-389BE3F3780A}.Debug|x64.ActiveCfg = Debug|Any CPU
		{F0A07BE2-4FB7-4513-9E29-389BE3F3780A}.Debug|x64.Build.0 = Debug|Any CPU
		{F0A07BE2-4FB7-4513-9E29-389BE3F3780A}.Debug|x86.ActiveCfg = Debug|Any CPU
		{F0A07BE2-4FB7-4513-9E29-389BE3F3780A}.Debug|x86.Build.0 = Debug|Any CPU
		{F0A07BE2-4FB7-4513-9E29-389BE3F3780A}.Release|Any CPU.ActiveCfg = Release|Any CPU
		{F0A07BE2-4FB7-4513-9E29-389BE3F3780A}.Release|Any CPU.Build.0 = Release|Any CPU
		{F0A07BE2-4FB7-4513-9E29-389BE3F3780A}.Release|x64.ActiveCfg = Release|Any CPU
		{F0A07BE2-4FB7-4513-9E29-389BE3F3780A}.Release|x64.Build.0 = Release|Any CPU
		{F0A07BE2-4FB7-4513-9E29-389BE3F3780A}.Release|x86.ActiveCfg = Release|Any CPU
		{F0A07BE2-4FB7-4513-9E29-389BE3F3780A}.Release|x86.Build.0 = Release|Any CPU
		{047E83C0-4BAA-484C-BB32-C1959CA5691F}.Debug|Any CPU.ActiveCfg = Debug|Any CPU
		{047E83C0-4BAA-484C-BB32-C1959CA5691F}.Debug|Any CPU.Build.0 = Debug|Any CPU
		{047E83C0-4BAA-484C-BB32-C1959CA5691F}.Debug|x64.ActiveCfg = Debug|Any CPU
		{047E83C0-4BAA-484C-BB32-C1959CA5691F}.Debug|x64.Build.0 = Debug|Any CPU
		{047E83C0-4BAA-484C-BB32-C1959CA5691F}.Debug|x86.ActiveCfg = Debug|Any CPU
		{047E83C0-4BAA-484C-BB32-C1959CA5691F}.Debug|x86.Build.0 = Debug|Any CPU
		{047E83C0-4BAA-484C-BB32-C1959CA5691F}.Release|Any CPU.ActiveCfg = Release|Any CPU
		{047E83C0-4BAA-484C-BB32-C1959CA5691F}.Release|Any CPU.Build.0 = Release|Any CPU
		{047E83C0-4BAA-484C-BB32-C1959CA5691F}.Release|x64.ActiveCfg = Release|Any CPU
		{047E83C0-4BAA-484C-BB32-C1959CA5691F}.Release|x64.Build.0 = Release|Any CPU
		{047E83C0-4BAA-484C-BB32-C1959CA5691F}.Release|x86.ActiveCfg = Release|Any CPU
		{047E83C0-4BAA-484C-BB32-C1959CA5691F}.Release|x86.Build.0 = Release|Any CPU
		{09632FB5-BBCB-4AE8-9A29-3969BBAFA901}.Debug|Any CPU.ActiveCfg = Debug|Any CPU
		{09632FB5-BBCB-4AE8-9A29-3969BBAFA901}.Debug|Any CPU.Build.0 = Debug|Any CPU
		{09632FB5-BBCB-4AE8-9A29-3969BBAFA901}.Debug|x64.ActiveCfg = Debug|Any CPU
		{09632FB5-BBCB-4AE8-9A29-3969BBAFA901}.Debug|x64.Build.0 = Debug|Any CPU
		{09632FB5-BBCB-4AE8-9A29-3969BBAFA901}.Debug|x86.ActiveCfg = Debug|Any CPU
		{09632FB5-BBCB-4AE8-9A29-3969BBAFA901}.Debug|x86.Build.0 = Debug|Any CPU
		{09632FB5-BBCB-4AE8-9A29-3969BBAFA901}.Release|Any CPU.ActiveCfg = Release|Any CPU
		{09632FB5-BBCB-4AE8-9A29-3969BBAFA901}.Release|Any CPU.Build.0 = Release|Any CPU
		{09632FB5-BBCB-4AE8-9A29-3969BBAFA901}.Release|x64.ActiveCfg = Release|Any CPU
		{09632FB5-BBCB-4AE8-9A29-3969BBAFA901}.Release|x64.Build.0 = Release|Any CPU
		{09632FB5-BBCB-4AE8-9A29-3969BBAFA901}.Release|x86.ActiveCfg = Release|Any CPU
		{09632FB5-BBCB-4AE8-9A29-3969BBAFA901}.Release|x86.Build.0 = Release|Any CPU
		{471232F4-4BB3-40F9-BC1E-F848FFA1ECF1}.Debug|Any CPU.ActiveCfg = Debug|Any CPU
		{471232F4-4BB3-40F9-BC1E-F848FFA1ECF1}.Debug|Any CPU.Build.0 = Debug|Any CPU
		{471232F4-4BB3-40F9-BC1E-F848FFA1ECF1}.Debug|x64.ActiveCfg = Debug|Any CPU
		{471232F4-4BB3-40F9-BC1E-F848FFA1ECF1}.Debug|x64.Build.0 = Debug|Any CPU
		{471232F4-4BB3-40F9-BC1E-F848FFA1ECF1}.Debug|x86.ActiveCfg = Debug|Any CPU
		{471232F4-4BB3-40F9-BC1E-F848FFA1ECF1}.Debug|x86.Build.0 = Debug|Any CPU
		{471232F4-4BB3-40F9-BC1E-F848FFA1ECF1}.Release|Any CPU.ActiveCfg = Release|Any CPU
		{471232F4-4BB3-40F9-BC1E-F848FFA1ECF1}.Release|Any CPU.Build.0 = Release|Any CPU
		{471232F4-4BB3-40F9-BC1E-F848FFA1ECF1}.Release|x64.ActiveCfg = Release|Any CPU
		{471232F4-4BB3-40F9-BC1E-F848FFA1ECF1}.Release|x64.Build.0 = Release|Any CPU
		{471232F4-4BB3-40F9-BC1E-F848FFA1ECF1}.Release|x86.ActiveCfg = Release|Any CPU
		{471232F4-4BB3-40F9-BC1E-F848FFA1ECF1}.Release|x86.Build.0 = Release|Any CPU
		{6E20D4E3-7A3B-4BBA-8C36-F5C361584B93}.Debug|Any CPU.ActiveCfg = Debug|Any CPU
		{6E20D4E3-7A3B-4BBA-8C36-F5C361584B93}.Debug|Any CPU.Build.0 = Debug|Any CPU
		{6E20D4E3-7A3B-4BBA-8C36-F5C361584B93}.Debug|x64.ActiveCfg = Debug|Any CPU
		{6E20D4E3-7A3B-4BBA-8C36-F5C361584B93}.Debug|x64.Build.0 = Debug|Any CPU
		{6E20D4E3-7A3B-4BBA-8C36-F5C361584B93}.Debug|x86.ActiveCfg = Debug|Any CPU
		{6E20D4E3-7A3B-4BBA-8C36-F5C361584B93}.Debug|x86.Build.0 = Debug|Any CPU
		{6E20D4E3-7A3B-4BBA-8C36-F5C361584B93}.Release|Any CPU.ActiveCfg = Release|Any CPU
		{6E20D4E3-7A3B-4BBA-8C36-F5C361584B93}.Release|Any CPU.Build.0 = Release|Any CPU
		{6E20D4E3-7A3B-4BBA-8C36-F5C361584B93}.Release|x64.ActiveCfg = Release|Any CPU
		{6E20D4E3-7A3B-4BBA-8C36-F5C361584B93}.Release|x64.Build.0 = Release|Any CPU
		{6E20D4E3-7A3B-4BBA-8C36-F5C361584B93}.Release|x86.ActiveCfg = Release|Any CPU
		{6E20D4E3-7A3B-4BBA-8C36-F5C361584B93}.Release|x86.Build.0 = Release|Any CPU
		{D8CCE929-109E-4EF9-8099-CA02C8D97DEC}.Debug|Any CPU.ActiveCfg = Debug|Any CPU
		{D8CCE929-109E-4EF9-8099-CA02C8D97DEC}.Debug|Any CPU.Build.0 = Debug|Any CPU
		{D8CCE929-109E-4EF9-8099-CA02C8D97DEC}.Debug|x64.ActiveCfg = Debug|Any CPU
		{D8CCE929-109E-4EF9-8099-CA02C8D97DEC}.Debug|x64.Build.0 = Debug|Any CPU
		{D8CCE929-109E-4EF9-8099-CA02C8D97DEC}.Debug|x86.ActiveCfg = Debug|Any CPU
		{D8CCE929-109E-4EF9-8099-CA02C8D97DEC}.Debug|x86.Build.0 = Debug|Any CPU
		{D8CCE929-109E-4EF9-8099-CA02C8D97DEC}.Release|Any CPU.ActiveCfg = Release|Any CPU
		{D8CCE929-109E-4EF9-8099-CA02C8D97DEC}.Release|Any CPU.Build.0 = Release|Any CPU
		{D8CCE929-109E-4EF9-8099-CA02C8D97DEC}.Release|x64.ActiveCfg = Release|Any CPU
		{D8CCE929-109E-4EF9-8099-CA02C8D97DEC}.Release|x64.Build.0 = Release|Any CPU
		{D8CCE929-109E-4EF9-8099-CA02C8D97DEC}.Release|x86.ActiveCfg = Release|Any CPU
		{D8CCE929-109E-4EF9-8099-CA02C8D97DEC}.Release|x86.Build.0 = Release|Any CPU
		{A554A0DF-7BF2-4062-8744-1374B10073AB}.Debug|Any CPU.ActiveCfg = Debug|Any CPU
		{A554A0DF-7BF2-4062-8744-1374B10073AB}.Debug|Any CPU.Build.0 = Debug|Any CPU
		{A554A0DF-7BF2-4062-8744-1374B10073AB}.Debug|x64.ActiveCfg = Debug|Any CPU
		{A554A0DF-7BF2-4062-8744-1374B10073AB}.Debug|x64.Build.0 = Debug|Any CPU
		{A554A0DF-7BF2-4062-8744-1374B10073AB}.Debug|x86.ActiveCfg = Debug|Any CPU
		{A554A0DF-7BF2-4062-8744-1374B10073AB}.Debug|x86.Build.0 = Debug|Any CPU
		{A554A0DF-7BF2-4062-8744-1374B10073AB}.Release|Any CPU.ActiveCfg = Release|Any CPU
		{A554A0DF-7BF2-4062-8744-1374B10073AB}.Release|Any CPU.Build.0 = Release|Any CPU
		{A554A0DF-7BF2-4062-8744-1374B10073AB}.Release|x64.ActiveCfg = Release|Any CPU
		{A554A0DF-7BF2-4062-8744-1374B10073AB}.Release|x64.Build.0 = Release|Any CPU
		{A554A0DF-7BF2-4062-8744-1374B10073AB}.Release|x86.ActiveCfg = Release|Any CPU
		{A554A0DF-7BF2-4062-8744-1374B10073AB}.Release|x86.Build.0 = Release|Any CPU
	EndGlobalSection
	GlobalSection(SolutionProperties) = preSolution
		HideSolutionNode = FALSE
	EndGlobalSection
	GlobalSection(NestedProjects) = preSolution
		{CA00CE0D-8A93-40A2-9253-80D8861F6241} = {827E0CD3-B72D-47B6-A68D-7590B98EB39B}
		{56145D26-1A87-4C80-BE78-45B1A222DEBB} = {827E0CD3-B72D-47B6-A68D-7590B98EB39B}
		{6786BC80-3602-4154-9699-EB5A9BCE4475} = {827E0CD3-B72D-47B6-A68D-7590B98EB39B}
		{F0A07BE2-4FB7-4513-9E29-389BE3F3780A} = {827E0CD3-B72D-47B6-A68D-7590B98EB39B}
		{047E83C0-4BAA-484C-BB32-C1959CA5691F} = {827E0CD3-B72D-47B6-A68D-7590B98EB39B}
		{09632FB5-BBCB-4AE8-9A29-3969BBAFA901} = {827E0CD3-B72D-47B6-A68D-7590B98EB39B}
		{471232F4-4BB3-40F9-BC1E-F848FFA1ECF1} = {827E0CD3-B72D-47B6-A68D-7590B98EB39B}
		{6E20D4E3-7A3B-4BBA-8C36-F5C361584B93} = {827E0CD3-B72D-47B6-A68D-7590B98EB39B}
		{D8CCE929-109E-4EF9-8099-CA02C8D97DEC} = {827E0CD3-B72D-47B6-A68D-7590B98EB39B}
		{A554A0DF-7BF2-4062-8744-1374B10073AB} = {827E0CD3-B72D-47B6-A68D-7590B98EB39B}
	EndGlobalSection
EndGlobal
